// !$*UTF8*$!
{
	archiveVersion = 1;
	classes = {
	};
	objectVersion = 77;
	objects = {

/* Begin PBXBuildFile section */
		44161C852E48894F00B741BC /* FirebaseAnalytics in Frameworks */ = {isa = PBXBuildFile; productRef = 44161C842E48894F00B741BC /* FirebaseAnalytics */; };
		44161C872E48894F00B741BC /* FirebaseAuth in Frameworks */ = {isa = PBXBuildFile; productRef = 44161C862E48894F00B741BC /* FirebaseAuth */; };
		44161C892E48894F00B741BC /* FirebaseFirestore in Frameworks */ = {isa = PBXBuildFile; productRef = 44161C882E48894F00B741BC /* FirebaseFirestore */; };
		44161C8B2E48894F00B741BC /* FirebaseFunctions in Frameworks */ = {isa = PBXBuildFile; productRef = 44161C8A2E48894F00B741BC /* FirebaseFunctions */; };
		44161C8D2E48894F00B741BC /* FirebaseStorage in Frameworks */ = {isa = PBXBuildFile; productRef = 44161C8C2E48894F00B741BC /* FirebaseStorage */; };
		4427E6342EAE8AB600B8C6F8 /* PodcastView 2.swift in Sources */ = {isa = PBXBuildFile; fileRef = 4427E6332EAE8AB600B8C6F8 /* PodcastView 2.swift */; };
		4427E6352EAE8AB600B8C6F8 /* PodcastManager 2.swift in Sources */ = {isa = PBXBuildFile; fileRef = 4427E6322EAE8AB600B8C6F8 /* PodcastManager 2.swift */; };
		4427E6372EAE8B3100B8C6F8 /* AudioPlayer 2.swift in Sources */ = {isa = PBXBuildFile; fileRef = 4427E6362EAE8B3100B8C6F8 /* AudioPlayer 2.swift */; };
		449A50272EAD4117008BB1AA /* GoogleSignIn in Frameworks */ = {isa = PBXBuildFile; productRef = 449A50262EAD4117008BB1AA /* GoogleSignIn */; };
		449A50292EAD4117008BB1AA /* GoogleSignInSwift in Frameworks */ = {isa = PBXBuildFile; productRef = 449A50282EAD4117008BB1AA /* GoogleSignInSwift */; };
		44AAB73C2EADE22B0019F7D1 /* GoogleService-Info.plist in Resources */ = {isa = PBXBuildFile; fileRef = 44AAB7262EADE22B0019F7D1 /* GoogleService-Info.plist */; };
		44AAB73D2EADE22B0019F7D1 /* Assets.xcassets in Resources */ = {isa = PBXBuildFile; fileRef = 44AAB7212EADE22B0019F7D1 /* Assets.xcassets */; };
		44AAB73F2EADE22B0019F7D1 /* MainAppView.swift in Sources */ = {isa = PBXBuildFile; fileRef = 44AAB7292EADE22B0019F7D1 /* MainAppView.swift */; };
		44AAB7402EADE22B0019F7D1 /* FirebaseSyncManager.swift in Sources */ = {isa = PBXBuildFile; fileRef = 44AAB7242EADE22B0019F7D1 /* FirebaseSyncManager.swift */; };
		44AAB7412EADE22B0019F7D1 /* MoodDiaryView.swift in Sources */ = {isa = PBXBuildFile; fileRef = 44AAB72B2EADE22B0019F7D1 /* MoodDiaryView.swift */; };
		44AAB7422EADE22B0019F7D1 /* SettingsView.swift in Sources */ = {isa = PBXBuildFile; fileRef = 44AAB72F2EADE22B0019F7D1 /* SettingsView.swift */; };
		44AAB7432EADE22B0019F7D1 /* SignInView.swift in Sources */ = {isa = PBXBuildFile; fileRef = 44AAB7302EADE22B0019F7D1 /* SignInView.swift */; };
		44AAB7442EADE22B0019F7D1 /* MoodAnalyzer.swift in Sources */ = {isa = PBXBuildFile; fileRef = 44AAB72A2EADE22B0019F7D1 /* MoodAnalyzer.swift */; };
		44AAB7452EADE22B0019F7D1 /* SpotifyAuthView.swift in Sources */ = {isa = PBXBuildFile; fileRef = 44AAB7342EADE22B0019F7D1 /* SpotifyAuthView.swift */; };
		44AAB7462EADE22B0019F7D1 /* OnboardingView.swift in Sources */ = {isa = PBXBuildFile; fileRef = 44AAB72C2EADE22B0019F7D1 /* OnboardingView.swift */; };
		44AAB7472EADE22B0019F7D1 /* SpotifyManager.swift in Sources */ = {isa = PBXBuildFile; fileRef = 44AAB7352EADE22B0019F7D1 /* SpotifyManager.swift */; };
		44AAB7482EADE22B0019F7D1 /* OpenLibraryManager.swift in Sources */ = {isa = PBXBuildFile; fileRef = 44AAB72D2EADE22B0019F7D1 /* OpenLibraryManager.swift */; };
		44AAB7492EADE22B0019F7D1 /* Spotify_Dashboard.xcdatamodeld in Sources */ = {isa = PBXBuildFile; fileRef = 44AAB7332EADE22B0019F7D1 /* Spotify_Dashboard.xcdatamodeld */; };
		44AAB74A2EADE22B0019F7D1 /* FoundationModelsManager.swift in Sources */ = {isa = PBXBuildFile; fileRef = 44AAB7252EADE22B0019F7D1 /* FoundationModelsManager.swift */; };
		44AAB74B2EADE22B0019F7D1 /* ReadingSessionView.swift in Sources */ = {isa = PBXBuildFile; fileRef = 44AAB72E2EADE22B0019F7D1 /* ReadingSessionView.swift */; };
		44AAB74C2EADE22B0019F7D1 /* AuthenticationManager.swift in Sources */ = {isa = PBXBuildFile; fileRef = 44AAB7222EADE22B0019F7D1 /* AuthenticationManager.swift */; };
		44AAB74D2EADE22B0019F7D1 /* StorySelectionView.swift in Sources */ = {isa = PBXBuildFile; fileRef = 44AAB7372EADE22B0019F7D1 /* StorySelectionView.swift */; };
		44AAB74E2EADE22B0019F7D1 /* GutendexManager.swift in Sources */ = {isa = PBXBuildFile; fileRef = 44AAB7272EADE22B0019F7D1 /* GutendexManager.swift */; };
		44AAB74F2EADE22B0019F7D1 /* AuthorDiscoveryView.swift in Sources */ = {isa = PBXBuildFile; fileRef = 44AAB7232EADE22B0019F7D1 /* AuthorDiscoveryView.swift */; };
		44AAB7502EADE22B0019F7D1 /* SpotifyPlaybackManager.swift in Sources */ = {isa = PBXBuildFile; fileRef = 44AAB7362EADE22B0019F7D1 /* SpotifyPlaybackManager.swift */; };
		44C000012E5A0000000000001 /* SpotifyDashboardApp.swift in Sources */ = {isa = PBXBuildFile; fileRef = 44C000012E5A0000000000000 /* SpotifyDashboardApp.swift */; };
		44C000022E5A0000000000001 /* Config.swift in Sources */ = {isa = PBXBuildFile; fileRef = 44C000022E5A0000000000000 /* Config.swift */; };
/* End PBXBuildFile section */

/* Begin PBXFileReference section */
		44161C722E48797200B741BC /* Spotify Dashboard.app */ = {isa = PBXFileReference; explicitFileType = wrapper.application; includeInIndex = 0; path = "Spotify Dashboard.app"; sourceTree = BUILT_PRODUCTS_DIR; };
		4427E6322EAE8AB600B8C6F8 /* PodcastManager 2.swift */ = {isa = PBXFileReference; lastKnownFileType = sourcecode.swift; path = "PodcastManager 2.swift"; sourceTree = "<group>"; };
		4427E6332EAE8AB600B8C6F8 /* PodcastView 2.swift */ = {isa = PBXFileReference; lastKnownFileType = sourcecode.swift; path = "PodcastView 2.swift"; sourceTree = "<group>"; };
		4427E6362EAE8B3100B8C6F8 /* AudioPlayer 2.swift */ = {isa = PBXFileReference; lastKnownFileType = sourcecode.swift; path = "AudioPlayer 2.swift"; sourceTree = "<group>"; };
		44AAB7212EADE22B0019F7D1 /* Assets.xcassets */ = {isa = PBXFileReference; lastKnownFileType = folder.assetcatalog; path = Assets.xcassets; sourceTree = "<group>"; };
		44AAB7222EADE22B0019F7D1 /* AuthenticationManager.swift */ = {isa = PBXFileReference; lastKnownFileType = sourcecode.swift; path = AuthenticationManager.swift; sourceTree = "<group>"; };
		44AAB7232EADE22B0019F7D1 /* AuthorDiscoveryView.swift */ = {isa = PBXFileReference; lastKnownFileType = sourcecode.swift; path = AuthorDiscoveryView.swift; sourceTree = "<group>"; };
		44AAB7242EADE22B0019F7D1 /* FirebaseSyncManager.swift */ = {isa = PBXFileReference; lastKnownFileType = sourcecode.swift; path = FirebaseSyncManager.swift; sourceTree = "<group>"; };
		44AAB7252EADE22B0019F7D1 /* FoundationModelsManager.swift */ = {isa = PBXFileReference; lastKnownFileType = sourcecode.swift; path = FoundationModelsManager.swift; sourceTree = "<group>"; };
		44AAB7262EADE22B0019F7D1 /* GoogleService-Info.plist */ = {isa = PBXFileReference; lastKnownFileType = text.plist.xml; path = "GoogleService-Info.plist"; sourceTree = "<group>"; };
		44AAB7272EADE22B0019F7D1 /* GutendexManager.swift */ = {isa = PBXFileReference; lastKnownFileType = sourcecode.swift; path = GutendexManager.swift; sourceTree = "<group>"; };
		44AAB7292EADE22B0019F7D1 /* MainAppView.swift */ = {isa = PBXFileReference; lastKnownFileType = sourcecode.swift; path = MainAppView.swift; sourceTree = "<group>"; };
		44AAB72A2EADE22B0019F7D1 /* MoodAnalyzer.swift */ = {isa = PBXFileReference; lastKnownFileType = sourcecode.swift; path = MoodAnalyzer.swift; sourceTree = "<group>"; };
		44AAB72B2EADE22B0019F7D1 /* MoodDiaryView.swift */ = {isa = PBXFileReference; lastKnownFileType = sourcecode.swift; path = MoodDiaryView.swift; sourceTree = "<group>"; };
		44AAB72C2EADE22B0019F7D1 /* OnboardingView.swift */ = {isa = PBXFileReference; lastKnownFileType = sourcecode.swift; path = OnboardingView.swift; sourceTree = "<group>"; };
		44AAB72D2EADE22B0019F7D1 /* OpenLibraryManager.swift */ = {isa = PBXFileReference; lastKnownFileType = sourcecode.swift; path = OpenLibraryManager.swift; sourceTree = "<group>"; };
		44AAB72E2EADE22B0019F7D1 /* ReadingSessionView.swift */ = {isa = PBXFileReference; lastKnownFileType = sourcecode.swift; path = ReadingSessionView.swift; sourceTree = "<group>"; };
		44AAB72F2EADE22B0019F7D1 /* SettingsView.swift */ = {isa = PBXFileReference; lastKnownFileType = sourcecode.swift; path = SettingsView.swift; sourceTree = "<group>"; };
		44AAB7302EADE22B0019F7D1 /* SignInView.swift */ = {isa = PBXFileReference; lastKnownFileType = sourcecode.swift; path = SignInView.swift; sourceTree = "<group>"; };
		44AAB7312EADE22B0019F7D1 /* Spotify Dashboard.xcodeproj */ = {isa = PBXFileReference; lastKnownFileType = "wrapper.pb-project"; path = "Spotify Dashboard.xcodeproj"; sourceTree = "<group>"; };
		44AAB7322EADE22B0019F7D1 /* Spotify_Dashboard.entitlements */ = {isa = PBXFileReference; lastKnownFileType = text.plist.entitlements; path = Spotify_Dashboard.entitlements; sourceTree = "<group>"; };
		44AAB7342EADE22B0019F7D1 /* SpotifyAuthView.swift */ = {isa = PBXFileReference; lastKnownFileType = sourcecode.swift; path = SpotifyAuthView.swift; sourceTree = "<group>"; };
		44AAB7352EADE22B0019F7D1 /* SpotifyManager.swift */ = {isa = PBXFileReference; lastKnownFileType = sourcecode.swift; path = SpotifyManager.swift; sourceTree = "<group>"; };
		44AAB7362EADE22B0019F7D1 /* SpotifyPlaybackManager.swift */ = {isa = PBXFileReference; lastKnownFileType = sourcecode.swift; path = SpotifyPlaybackManager.swift; sourceTree = "<group>"; };
		44AAB7372EADE22B0019F7D1 /* StorySelectionView.swift */ = {isa = PBXFileReference; lastKnownFileType = sourcecode.swift; path = StorySelectionView.swift; sourceTree = "<group>"; };
		44AAB73B2EADE22B0019F7D1 /* Spotify_Dashboard.xcdatamodel */ = {isa = PBXFileReference; lastKnownFileType = wrapper.xcdatamodel; path = Spotify_Dashboard.xcdatamodel; sourceTree = "<group>"; };
		44C000012E5A0000000000000 /* SpotifyDashboardApp.swift */ = {isa = PBXFileReference; lastKnownFileType = sourcecode.swift; path = SpotifyDashboardApp.swift; sourceTree = "<group>"; };
		44C000022E5A0000000000000 /* Config.swift */ = {isa = PBXFileReference; lastKnownFileType = sourcecode.swift; path = Config.swift; sourceTree = "<group>"; };
/* End PBXFileReference section */

/* Begin PBXFrameworksBuildPhase section */
		4406D9F42E43A99D00904D98 /* Frameworks */ = {
			isa = PBXFrameworksBuildPhase;
			buildActionMask = 2147483647;
			files = (
				44161C852E48894F00B741BC /* FirebaseAnalytics in Frameworks */,
				44161C872E48894F00B741BC /* FirebaseAuth in Frameworks */,
				449A50292EAD4117008BB1AA /* GoogleSignInSwift in Frameworks */,
				44161C892E48894F00B741BC /* FirebaseFirestore in Frameworks */,
				44161C8D2E48894F00B741BC /* FirebaseStorage in Frameworks */,
				44161C8B2E48894F00B741BC /* FirebaseFunctions in Frameworks */,
				449A50272EAD4117008BB1AA /* GoogleSignIn in Frameworks */,
			);
			runOnlyForDeploymentPostprocessing = 0;
		};
/* End PBXFrameworksBuildPhase section */

/* Begin PBXGroup section */
		4406D9EE2E43A99D00904D98 = {
			isa = PBXGroup;
			children = (
				44AAB7382EADE22B0019F7D1 /* Spotify Dashboard 4 */,
				4406D9F82E43A99D00904D98 /* Products */,
			);
			sourceTree = "<group>";
		};
		4406D9F82E43A99D00904D98 /* Products */ = {
			isa = PBXGroup;
			children = (
				44161C722E48797200B741BC /* Spotify Dashboard.app */,
			);
			name = Products;
			sourceTree = "<group>";
		};
		44AAB7382EADE22B0019F7D1 /* Spotify Dashboard 4 */ = {
			isa = PBXGroup;
			children = (
				4427E6362EAE8B3100B8C6F8 /* AudioPlayer 2.swift */,
				4427E6322EAE8AB600B8C6F8 /* PodcastManager 2.swift */,
				4427E6332EAE8AB600B8C6F8 /* PodcastView 2.swift */,
				44C000012E5A0000000000000 /* SpotifyDashboardApp.swift */,
				44C000022E5A0000000000000 /* Config.swift */,
				44AAB7212EADE22B0019F7D1 /* Assets.xcassets */,
				44AAB7222EADE22B0019F7D1 /* AuthenticationManager.swift */,
				44AAB7232EADE22B0019F7D1 /* AuthorDiscoveryView.swift */,
				44AAB7242EADE22B0019F7D1 /* FirebaseSyncManager.swift */,
				44AAB7252EADE22B0019F7D1 /* FoundationModelsManager.swift */,
				44AAB7262EADE22B0019F7D1 /* GoogleService-Info.plist */,
				44AAB7272EADE22B0019F7D1 /* GutendexManager.swift */,
				44AAB7292EADE22B0019F7D1 /* MainAppView.swift */,
				44AAB72A2EADE22B0019F7D1 /* MoodAnalyzer.swift */,
				44AAB72B2EADE22B0019F7D1 /* MoodDiaryView.swift */,
				44AAB72C2EADE22B0019F7D1 /* OnboardingView.swift */,
				44AAB72D2EADE22B0019F7D1 /* OpenLibraryManager.swift */,
				44AAB72E2EADE22B0019F7D1 /* ReadingSessionView.swift */,
				44AAB72F2EADE22B0019F7D1 /* SettingsView.swift */,
				44AAB7302EADE22B0019F7D1 /* SignInView.swift */,
				44AAB7312EADE22B0019F7D1 /* Spotify Dashboard.xcodeproj */,
				44AAB7322EADE22B0019F7D1 /* Spotify_Dashboard.entitlements */,
				44AAB7332EADE22B0019F7D1 /* Spotify_Dashboard.xcdatamodeld */,
				44AAB7342EADE22B0019F7D1 /* SpotifyAuthView.swift */,
				44AAB7352EADE22B0019F7D1 /* SpotifyManager.swift */,
				44AAB7362EADE22B0019F7D1 /* SpotifyPlaybackManager.swift */,
				44AAB7372EADE22B0019F7D1 /* StorySelectionView.swift */,
			);
			path = "Spotify Dashboard 4";
			sourceTree = "<group>";
		};
		44AAB7392EADE22B0019F7D1 /* Products */ = {
			isa = PBXGroup;
			children = (
			);
			name = Products;
			sourceTree = "<group>";
		};
/* End PBXGroup section */

/* Begin PBXNativeTarget section */
		4406D9F62E43A99D00904D98 /* Spotify Dashboard */ = {
			isa = PBXNativeTarget;
			buildConfigurationList = 4406DA082E43A99E00904D98 /* Build configuration list for PBXNativeTarget "Spotify Dashboard" */;
			buildPhases = (
				4406D9F32E43A99D00904D98 /* Sources */,
				4406D9F42E43A99D00904D98 /* Frameworks */,
				4406D9F52E43A99D00904D98 /* Resources */,
			);
			buildRules = (
			);
			dependencies = (
			);
			name = "Spotify Dashboard";
			packageProductDependencies = (
				44161C842E48894F00B741BC /* FirebaseAnalytics */,
				44161C862E48894F00B741BC /* FirebaseAuth */,
				44161C882E48894F00B741BC /* FirebaseFirestore */,
				44161C8A2E48894F00B741BC /* FirebaseFunctions */,
				44161C8C2E48894F00B741BC /* FirebaseStorage */,
				449A50262EAD4117008BB1AA /* GoogleSignIn */,
				449A50282EAD4117008BB1AA /* GoogleSignInSwift */,
			);
			productName = "Spotify Dashboard";
			productReference = 44161C722E48797200B741BC /* Spotify Dashboard.app */;
			productType = "com.apple.product-type.application";
		};
/* End PBXNativeTarget section */

/* Begin PBXProject section */
		4406D9EF2E43A99D00904D98 /* Project object */ = {
			isa = PBXProject;
			attributes = {
				BuildIndependentTargetsInParallel = 1;
				LastSwiftUpdateCheck = 1640;
				LastUpgradeCheck = 1640;
				TargetAttributes = {
					4406D9F62E43A99D00904D98 = {
						CreatedOnToolsVersion = 16.4;
					};
				};
			};
			buildConfigurationList = 4406D9F22E43A99D00904D98 /* Build configuration list for PBXProject "Spotify Dashboard" */;
			developmentRegion = en;
			hasScannedForEncodings = 0;
			knownRegions = (
				en,
				Base,
			);
			mainGroup = 4406D9EE2E43A99D00904D98;
			minimizedProjectReferenceProxies = 1;
			packageReferences = (
				44161C832E48894F00B741BC /* XCRemoteSwiftPackageReference "firebase-ios-sdk" */,
				449A50252EAD4117008BB1AA /* XCRemoteSwiftPackageReference "GoogleSignIn-iOS" */,
			);
			preferredProjectObjectVersion = 77;
			productRefGroup = 4406D9F82E43A99D00904D98 /* Products */;
			projectDirPath = "";
			projectReferences = (
				{
					ProductGroup = 44AAB7392EADE22B0019F7D1 /* Products */;
					ProjectRef = 44AAB7312EADE22B0019F7D1 /* Spotify Dashboard.xcodeproj */;
				},
			);
			projectRoot = "";
			targets = (
				4406D9F62E43A99D00904D98 /* Spotify Dashboard */,
			);
		};
/* End PBXProject section */

/* Begin PBXResourcesBuildPhase section */
		4406D9F52E43A99D00904D98 /* Resources */ = {
			isa = PBXResourcesBuildPhase;
			buildActionMask = 2147483647;
			files = (
				44AAB73C2EADE22B0019F7D1 /* GoogleService-Info.plist in Resources */,
				44AAB73D2EADE22B0019F7D1 /* Assets.xcassets in Resources */,
			);
			runOnlyForDeploymentPostprocessing = 0;
		};
/* End PBXResourcesBuildPhase section */

/* Begin PBXSourcesBuildPhase section */
		4406D9F32E43A99D00904D98 /* Sources */ = {
			isa = PBXSourcesBuildPhase;
			buildActionMask = 2147483647;
			files = (
				44AAB73F2EADE22B0019F7D1 /* MainAppView.swift in Sources */,
				4427E6372EAE8B3100B8C6F8 /* AudioPlayer 2.swift in Sources */,
				44AAB7402EADE22B0019F7D1 /* FirebaseSyncManager.swift in Sources */,
				44AAB7412EADE22B0019F7D1 /* MoodDiaryView.swift in Sources */,
				44AAB7422EADE22B0019F7D1 /* SettingsView.swift in Sources */,
				44AAB7432EADE22B0019F7D1 /* SignInView.swift in Sources */,
				44AAB7442EADE22B0019F7D1 /* MoodAnalyzer.swift in Sources */,
				44AAB7452EADE22B0019F7D1 /* SpotifyAuthView.swift in Sources */,
				44AAB7462EADE22B0019F7D1 /* OnboardingView.swift in Sources */,
				44AAB7472EADE22B0019F7D1 /* SpotifyManager.swift in Sources */,
				44AAB7482EADE22B0019F7D1 /* OpenLibraryManager.swift in Sources */,
				44AAB7492EADE22B0019F7D1 /* Spotify_Dashboard.xcdatamodeld in Sources */,
				44AAB74A2EADE22B0019F7D1 /* FoundationModelsManager.swift in Sources */,
				44AAB74B2EADE22B0019F7D1 /* ReadingSessionView.swift in Sources */,
				44AAB74C2EADE22B0019F7D1 /* AuthenticationManager.swift in Sources */,
				44AAB74D2EADE22B0019F7D1 /* StorySelectionView.swift in Sources */,
				4427E6342EAE8AB600B8C6F8 /* PodcastView 2.swift in Sources */,
				4427E6352EAE8AB600B8C6F8 /* PodcastManager 2.swift in Sources */,
				44AAB74E2EADE22B0019F7D1 /* GutendexManager.swift in Sources */,
				44AAB74F2EADE22B0019F7D1 /* AuthorDiscoveryView.swift in Sources */,
				44AAB7502EADE22B0019F7D1 /* SpotifyPlaybackManager.swift in Sources */,
				44C000012E5A0000000000001 /* SpotifyDashboardApp.swift in Sources */,
				44C000022E5A0000000000001 /* Config.swift in Sources */,
			);
			runOnlyForDeploymentPostprocessing = 0;
		};
/* End PBXSourcesBuildPhase section */

/* Begin XCBuildConfiguration section */
		4406DA092E43A99E00904D98 /* Debug */ = {
			isa = XCBuildConfiguration;
			buildSettings = {
				ASSETCATALOG_COMPILER_APPICON_NAME = AppIcon;
				ASSETCATALOG_COMPILER_GLOBAL_ACCENT_COLOR_NAME = AccentColor;
				CODE_SIGN_ENTITLEMENTS = "Spotify Dashboard 4/Spotify_Dashboard.entitlements";
				CODE_SIGN_STYLE = Automatic;
				CURRENT_PROJECT_VERSION = 1;
				DEVELOPMENT_TEAM = HCXCZDAVY9;
				ENABLE_PREVIEWS = YES;
				GENERATE_INFOPLIST_FILE = YES;
				INFOPLIST_FILE = "";
				INFOPLIST_KEY_CFBundleDisplayName = BeatWise;
				INFOPLIST_KEY_LSApplicationCategoryType = "public.app-category.music";
				INFOPLIST_KEY_UIApplicationSceneManifest_Generation = YES;
				INFOPLIST_KEY_UIApplicationSupportsIndirectInputEvents = YES;
				INFOPLIST_KEY_UILaunchScreen_Generation = YES;
				INFOPLIST_KEY_UISupportedInterfaceOrientations_iPad = "UIInterfaceOrientationPortrait UIInterfaceOrientationPortraitUpsideDown UIInterfaceOrientationLandscapeLeft UIInterfaceOrientationLandscapeRight";
				INFOPLIST_KEY_UISupportedInterfaceOrientations_iPhone = "UIInterfaceOrientationPortrait UIInterfaceOrientationLandscapeLeft UIInterfaceOrientationLandscapeRight";
				LD_RUNPATH_SEARCH_PATHS = (
					"$(inherited)",
					"@executable_path/Frameworks",
				);
				MARKETING_VERSION = 1.0;
				PRODUCT_BUNDLE_IDENTIFIER = com.cfs.soundscope;
				PRODUCT_NAME = "$(TARGET_NAME)";
				SUPPORTED_PLATFORMS = "iphoneos iphonesimulator";
				SUPPORTS_MACCATALYST = NO;
				SUPPORTS_MAC_DESIGNED_FOR_IPHONE_IPAD = NO;
				SUPPORTS_XR_DESIGNED_FOR_IPHONE_IPAD = NO;
				SWIFT_EMIT_LOC_STRINGS = YES;
				SWIFT_VERSION = 5.0;
				TARGETED_DEVICE_FAMILY = 1;
			};
			name = Debug;
		};
		4406DA0A2E43A99E00904D98 /* Release */ = {
			isa = XCBuildConfiguration;
			buildSettings = {
				ASSETCATALOG_COMPILER_APPICON_NAME = AppIcon;
				ASSETCATALOG_COMPILER_GLOBAL_ACCENT_COLOR_NAME = AccentColor;
				CODE_SIGN_ENTITLEMENTS = "Spotify Dashboard 4/Spotify_Dashboard.entitlements";
				CODE_SIGN_STYLE = Automatic;
				CURRENT_PROJECT_VERSION = 1;
				DEVELOPMENT_TEAM = HCXCZDAVY9;
				ENABLE_PREVIEWS = YES;
				GENERATE_INFOPLIST_FILE = YES;
				INFOPLIST_FILE = "";
				INFOPLIST_KEY_CFBundleDisplayName = BeatWise;
				INFOPLIST_KEY_LSApplicationCategoryType = "public.app-category.music";
				INFOPLIST_KEY_UIApplicationSceneManifest_Generation = YES;
				INFOPLIST_KEY_UIApplicationSupportsIndirectInputEvents = YES;
				INFOPLIST_KEY_UILaunchScreen_Generation = YES;
				INFOPLIST_KEY_UISupportedInterfaceOrientations_iPad = "UIInterfaceOrientationPortrait UIInterfaceOrientationPortraitUpsideDown UIInterfaceOrientationLandscapeLeft UIInterfaceOrientationLandscapeRight";
				INFOPLIST_KEY_UISupportedInterfaceOrientations_iPhone = "UIInterfaceOrientationPortrait UIInterfaceOrientationLandscapeLeft UIInterfaceOrientationLandscapeRight";
				LD_RUNPATH_SEARCH_PATHS = (
					"$(inherited)",
					"@executable_path/Frameworks",
				);
				MARKETING_VERSION = 1.0;
				PRODUCT_BUNDLE_IDENTIFIER = com.cfs.soundscope;
				PRODUCT_NAME = "$(TARGET_NAME)";
				SUPPORTED_PLATFORMS = "iphoneos iphonesimulator";
				SUPPORTS_MACCATALYST = NO;
				SUPPORTS_MAC_DESIGNED_FOR_IPHONE_IPAD = NO;
				SUPPORTS_XR_DESIGNED_FOR_IPHONE_IPAD = NO;
				SWIFT_EMIT_LOC_STRINGS = YES;
				SWIFT_VERSION = 5.0;
				TARGETED_DEVICE_FAMILY = 1;
			};
			name = Release;
		};
		4406DA0B2E43A99E00904D98 /* Debug */ = {
			isa = XCBuildConfiguration;
			buildSettings = {
				ALWAYS_SEARCH_USER_PATHS = NO;
				ASSETCATALOG_COMPILER_GENERATE_SWIFT_ASSET_SYMBOL_EXTENSIONS = YES;
				CLANG_ANALYZER_NONNULL = YES;
				CLANG_ANALYZER_NUMBER_OBJECT_CONVERSION = YES_AGGRESSIVE;
				CLANG_CXX_LANGUAGE_STANDARD = "gnu++20";
				CLANG_ENABLE_MODULES = YES;
				CLANG_ENABLE_OBJC_ARC = YES;
				CLANG_ENABLE_OBJC_WEAK = YES;
				CLANG_WARN_BLOCK_CAPTURE_AUTORELEASING = YES;
				CLANG_WARN_BOOL_CONVERSION = YES;
				CLANG_WARN_COMMA = YES;
				CLANG_WARN_CONSTANT_CONVERSION = YES;
				CLANG_WARN_DEPRECATED_OBJC_IMPLEMENTATIONS = YES;
				CLANG_WARN_DIRECT_OBJC_ISA_USAGE = YES_ERROR;
				CLANG_WARN_DOCUMENTATION_COMMENTS = YES;
				CLANG_WARN_EMPTY_BODY = YES;
				CLANG_WARN_ENUM_CONVERSION = YES;
				CLANG_WARN_INFINITE_RECURSION = YES;
				CLANG_WARN_INT_CONVERSION = YES;
				CLANG_WARN_NON_LITERAL_NULL_CONVERSION = YES;
				CLANG_WARN_OBJC_IMPLICIT_RETAIN_SELF = YES;
				CLANG_WARN_OBJC_LITERAL_CONVERSION = YES;
				CLANG_WARN_OBJC_ROOT_CLASS = YES_ERROR;
				CLANG_WARN_QUOTED_INCLUDE_IN_FRAMEWORK_HEADER = YES;
				CLANG_WARN_RANGE_LOOP_ANALYSIS = YES;
				CLANG_WARN_STRICT_PROTOTYPES = YES;
				CLANG_WARN_SUSPICIOUS_MOVE = YES;
				CLANG_WARN_UNGUARDED_AVAILABILITY = YES_AGGRESSIVE;
				CLANG_WARN_UNREACHABLE_CODE = YES;
				CLANG_WARN__DUPLICATE_METHOD_MATCH = YES;
				COPY_PHASE_STRIP = NO;
				DEBUG_INFORMATION_FORMAT = dwarf;
				DEVELOPMENT_TEAM = FPGZ8GW4J6;
				ENABLE_STRICT_OBJC_MSGSEND = YES;
				ENABLE_TESTABILITY = YES;
				ENABLE_USER_SCRIPT_SANDBOXING = YES;
				GCC_C_LANGUAGE_STANDARD = gnu17;
				GCC_DYNAMIC_NO_PIC = NO;
				GCC_NO_COMMON_BLOCKS = YES;
				GCC_OPTIMIZATION_LEVEL = 0;
				GCC_PREPROCESSOR_DEFINITIONS = (
					"DEBUG=1",
					"$(inherited)",
				);
				GCC_WARN_64_TO_32_BIT_CONVERSION = YES;
				GCC_WARN_ABOUT_RETURN_TYPE = YES_ERROR;
				GCC_WARN_UNDECLARED_SELECTOR = YES;
				GCC_WARN_UNINITIALIZED_AUTOS = YES_AGGRESSIVE;
				GCC_WARN_UNUSED_FUNCTION = YES;
				GCC_WARN_UNUSED_VARIABLE = YES;
				IPHONEOS_DEPLOYMENT_TARGET = 18.5;
				LOCALIZATION_PREFERS_STRING_CATALOGS = YES;
				MTL_ENABLE_DEBUG_INFO = INCLUDE_SOURCE;
				MTL_FAST_MATH = YES;
				ONLY_ACTIVE_ARCH = YES;
				SDKROOT = iphoneos;
				SWIFT_ACTIVE_COMPILATION_CONDITIONS = "DEBUG $(inherited)";
				SWIFT_OPTIMIZATION_LEVEL = "-Onone";
			};
			name = Debug;
		};
		4406DA0C2E43A99E00904D98 /* Release */ = {
			isa = XCBuildConfiguration;
			buildSettings = {
				ALWAYS_SEARCH_USER_PATHS = NO;
				ASSETCATALOG_COMPILER_GENERATE_SWIFT_ASSET_SYMBOL_EXTENSIONS = YES;
				CLANG_ANALYZER_NONNULL = YES;
				CLANG_ANALYZER_NUMBER_OBJECT_CONVERSION = YES_AGGRESSIVE;
				CLANG_CXX_LANGUAGE_STANDARD = "gnu++20";
				CLANG_ENABLE_MODULES = YES;
				CLANG_ENABLE_OBJC_ARC = YES;
				CLANG_ENABLE_OBJC_WEAK = YES;
				CLANG_WARN_BLOCK_CAPTURE_AUTORELEASING = YES;
				CLANG_WARN_BOOL_CONVERSION = YES;
				CLANG_WARN_COMMA = YES;
				CLANG_WARN_CONSTANT_CONVERSION = YES;
				CLANG_WARN_DEPRECATED_OBJC_IMPLEMENTATIONS = YES;
				CLANG_WARN_DIRECT_OBJC_ISA_USAGE = YES_ERROR;
				CLANG_WARN_DOCUMENTATION_COMMENTS = YES;
				CLANG_WARN_EMPTY_BODY = YES;
				CLANG_WARN_ENUM_CONVERSION = YES;
				CLANG_WARN_INFINITE_RECURSION = YES;
				CLANG_WARN_INT_CONVERSION = YES;
				CLANG_WARN_NON_LITERAL_NULL_CONVERSION = YES;
				CLANG_WARN_OBJC_IMPLICIT_RETAIN_SELF = YES;
				CLANG_WARN_OBJC_LITERAL_CONVERSION = YES;
				CLANG_WARN_OBJC_ROOT_CLASS = YES_ERROR;
				CLANG_WARN_QUOTED_INCLUDE_IN_FRAMEWORK_HEADER = YES;
				CLANG_WARN_RANGE_LOOP_ANALYSIS = YES;
				CLANG_WARN_STRICT_PROTOTYPES = YES;
				CLANG_WARN_SUSPICIOUS_MOVE = YES;
				CLANG_WARN_UNGUARDED_AVAILABILITY = YES_AGGRESSIVE;
				CLANG_WARN_UNREACHABLE_CODE = YES;
				CLANG_WARN__DUPLICATE_METHOD_MATCH = YES;
				COPY_PHASE_STRIP = NO;
				DEBUG_INFORMATION_FORMAT = "dwarf-with-dsym";
				DEVELOPMENT_TEAM = FPGZ8GW4J6;
				ENABLE_NS_ASSERTIONS = NO;
				ENABLE_STRICT_OBJC_MSGSEND = YES;
				ENABLE_USER_SCRIPT_SANDBOXING = YES;
				GCC_C_LANGUAGE_STANDARD = gnu17;
				GCC_NO_COMMON_BLOCKS = YES;
				GCC_WARN_64_TO_32_BIT_CONVERSION = YES;
				GCC_WARN_ABOUT_RETURN_TYPE = YES_ERROR;
				GCC_WARN_UNDECLARED_SELECTOR = YES;
				GCC_WARN_UNINITIALIZED_AUTOS = YES_AGGRESSIVE;
				GCC_WARN_UNUSED_FUNCTION = YES;
				GCC_WARN_UNUSED_VARIABLE = YES;
				IPHONEOS_DEPLOYMENT_TARGET = 18.5;
				LOCALIZATION_PREFERS_STRING_CATALOGS = YES;
				MTL_ENABLE_DEBUG_INFO = NO;
				MTL_FAST_MATH = YES;
				SDKROOT = iphoneos;
				SWIFT_COMPILATION_MODE = wholemodule;
				VALIDATE_PRODUCT = YES;
			};
			name = Release;
		};
/* End XCBuildConfiguration section */

/* Begin XCConfigurationList section */
		4406D9F22E43A99D00904D98 /* Build configuration list for PBXProject "Spotify Dashboard" */ = {
			isa = XCConfigurationList;
			buildConfigurations = (
				4406DA0B2E43A99E00904D98 /* Debug */,
				4406DA0C2E43A99E00904D98 /* Release */,
			);
			defaultConfigurationIsVisible = 0;
			defaultConfigurationName = Release;
		};
		4406DA082E43A99E00904D98 /* Build configuration list for PBXNativeTarget "Spotify Dashboard" */ = {
			isa = XCConfigurationList;
			buildConfigurations = (
				4406DA092E43A99E00904D98 /* Debug */,
				4406DA0A2E43A99E00904D98 /* Release */,
			);
			defaultConfigurationIsVisible = 0;
			defaultConfigurationName = Release;
		};
/* End XCConfigurationList section */

/* Begin XCRemoteSwiftPackageReference section */
		44161C832E48894F00B741BC /* XCRemoteSwiftPackageReference "firebase-ios-sdk" */ = {
			isa = XCRemoteSwiftPackageReference;
			repositoryURL = "https://github.com/firebase/firebase-ios-sdk";
			requirement = {
				kind = upToNextMajorVersion;
				minimumVersion = 12.1.0;
			};
		};
		449A50252EAD4117008BB1AA /* XCRemoteSwiftPackageReference "GoogleSignIn-iOS" */ = {
			isa = XCRemoteSwiftPackageReference;
			repositoryURL = "https://github.com/google/GoogleSignIn-iOS";
			requirement = {
				kind = upToNextMajorVersion;
				minimumVersion = 9.0.0;
			};
		};
/* End XCRemoteSwiftPackageReference section */

/* Begin XCSwiftPackageProductDependency section */
		44161C842E48894F00B741BC /* FirebaseAnalytics */ = {
			isa = XCSwiftPackageProductDependency;
			package = 44161C832E48894F00B741BC /* XCRemoteSwiftPackageReference "firebase-ios-sdk" */;
			productName = FirebaseAnalytics;
		};
		44161C862E48894F00B741BC /* FirebaseAuth */ = {
			isa = XCSwiftPackageProductDependency;
			package = 44161C832E48894F00B741BC /* XCRemoteSwiftPackageReference "firebase-ios-sdk" */;
			productName = FirebaseAuth;
		};
		44161C882E48894F00B741BC /* FirebaseFirestore */ = {
			isa = XCSwiftPackageProductDependency;
			package = 44161C832E48894F00B741BC /* XCRemoteSwiftPackageReference "firebase-ios-sdk" */;
			productName = FirebaseFirestore;
		};
		44161C8A2E48894F00B741BC /* FirebaseFunctions */ = {
			isa = XCSwiftPackageProductDependency;
			package = 44161C832E48894F00B741BC /* XCRemoteSwiftPackageReference "firebase-ios-sdk" */;
			productName = FirebaseFunctions;
		};
		44161C8C2E48894F00B741BC /* FirebaseStorage */ = {
			isa = XCSwiftPackageProductDependency;
			package = 44161C832E48894F00B741BC /* XCRemoteSwiftPackageReference "firebase-ios-sdk" */;
			productName = FirebaseStorage;
		};
		449A50262EAD4117008BB1AA /* GoogleSignIn */ = {
			isa = XCSwiftPackageProductDependency;
			package = 449A50252EAD4117008BB1AA /* XCRemoteSwiftPackageReference "GoogleSignIn-iOS" */;
			productName = GoogleSignIn;
		};
		449A50282EAD4117008BB1AA /* GoogleSignInSwift */ = {
			isa = XCSwiftPackageProductDependency;
			package = 449A50252EAD4117008BB1AA /* XCRemoteSwiftPackageReference "GoogleSignIn-iOS" */;
			productName = GoogleSignInSwift;
		};
/* End XCSwiftPackageProductDependency section */

/* Begin XCVersionGroup section */
		44AAB7332EADE22B0019F7D1 /* Spotify_Dashboard.xcdatamodeld */ = {
			isa = XCVersionGroup;
			children = (
				44AAB73B2EADE22B0019F7D1 /* Spotify_Dashboard.xcdatamodel */,
			);
			currentVersion = 44AAB73B2EADE22B0019F7D1 /* Spotify_Dashboard.xcdatamodel */;
			path = Spotify_Dashboard.xcdatamodeld;
			sourceTree = "<group>";
			versionGroupType = wrapper.xcdatamodel;
		};
/* End XCVersionGroup section */
	};
	rootObject = 4406D9EF2E43A99D00904D98 /* Project object */;
}
